{
  "requires": true,
  "lockfileVersion": 1,
  "dependencies": {
    "node-irc": {
      "version": "0.0.5",
      "resolved": "https://artifact-repos.dev.s2m.ma/repository/npm-group/node-irc/-/node-irc-0.0.5.tgz",
      "integrity": "sha512-2K1tSLIz4zKn9s78AYRPuWRdAVqHH5ZebRHqzYSCaW8ZDcOemxUfWCrvf9RPAudQsiG3ZiHEQfNFSG5qVxkwrA==",
      "requires": {
        "proxysocket": "^1.2.0"
      }
    },
    "proxysocket": {
      "version": "1.2.0",
      "resolved": "https://artifact-repos.dev.s2m.ma/repository/npm-group/proxysocket/-/proxysocket-1.2.0.tgz",
      "integrity": "sha1-DWVMNnVKQEIefmWXHWL+HxppOLc=",
      "optional": true
    }
  }
}
